<?xml version="1.0" encoding="UTF-8" standalone="yes" ?>
<CodeBlocks_project_file>
	<FileVersion major="1" minor="6" />
	<Project>
		<Option title="ZinjaI" />
		<Option makefile_is_custom="1" />
		<Option execution_dir="." />
		<Option pch_mode="2" />
		<Option compiler="gcc" />
		<MakeCommands>
			<Build command="$make -f $makefile msys-win32" />
			<CompileFile command="$make -f $makefile $file" />
			<Clean command="$make -f $makefile msys-win32-clean" />
			<DistClean command="$make -f $makefile distclean$target" />
			<AskRebuildNeeded command="$make -q -f $makefile msys-win32" />
			<SilentBuild command="$make -f $makefile msys-win32 &gt; $(CMD_NULL)" />
		</MakeCommands>
		<Build>
			<Target title="Debug">
				<Option output="bin/Debug/ZinjaI" prefix_auto="1" extension_auto="1" />
				<Option object_output="obj/Debug/" />
				<Option type="1" />
				<Option compiler="gcc" />
				<Compiler>
					<Add option="-g" />
				</Compiler>
				<MakeCommands>
					<Build command="$make -f $makefile msys-win32" />
					<CompileFile command="$make -f $makefile $file" />
					<Clean command="$make -f $makefile msys-win32-clean" />
					<DistClean command="$make -f $makefile distclean$target" />
					<AskRebuildNeeded command="$make -q -f $makefile msys-win32" />
					<SilentBuild command="$make -f $makefile msys-win32 &gt; $(CMD_NULL)" />
				</MakeCommands>
			</Target>
		</Build>
		<VirtualTargets>
			<Add alias="All" targets="Debug;" />
		</VirtualTargets>
		<Compiler>
			<Add option="-Wall" />
		</Compiler>
		<ExtraCommands>
			<Add before="which sh.exe" />
		</ExtraCommands>
		<Unit filename="../Makefile" />
		<Unit filename="../parser/cbrowser_hash.cpp" />
		<Unit filename="../parser/common/parser.c">
			<Option compilerVar="CC" />
		</Unit>
		<Unit filename="../parser/common/parser.h" />
		<Unit filename="../parser/common/srchtbl.c">
			<Option compilerVar="CC" />
		</Unit>
		<Unit filename="../parser/common/srchtbl.h" />
		<Unit filename="../parser/config.h" />
		<Unit filename="../parser/cpp/cparser.c">
			<Option compilerVar="CC" />
		</Unit>
		<Unit filename="../parser/cpp/cpplib/cpdefines.h" />
		<Unit filename="../parser/cpp/cpplib/cpkeyw.c">
			<Option compilerVar="CC" />
		</Unit>
		<Unit filename="../parser/cpp/cpplib/cpkeyw.h" />
		<Unit filename="../parser/cpp/cpplib/cplex.c">
			<Option compilerVar="CC" />
		</Unit>
		<Unit filename="../parser/cpp/cpplib/cplex.h" />
		<Unit filename="../parser/cpp/cpplib/expr.c">
			<Option compilerVar="CC" />
		</Unit>
		<Unit filename="../parser/cpp/cpplib/macread.c">
			<Option compilerVar="CC" />
		</Unit>
		<Unit filename="../parser/cpp/cpplib/macro.c">
			<Option compilerVar="CC" />
		</Unit>
		<Unit filename="../parser/cpp/cpplib/operator.h" />
		<Unit filename="../parser/cpp/cpplib/process.c">
			<Option compilerVar="CC" />
		</Unit>
		<Unit filename="../parser/cpp/cpplib/token.c">
			<Option compilerVar="CC" />
		</Unit>
		<Unit filename="../parser/cpp/skeleton.c">
			<Option compilerVar="CC" />
		</Unit>
		<Unit filename="../parser/hyper/sn.h" />
		<Unit filename="../parser/misc/fileutils.c">
			<Option compilerVar="CC" />
		</Unit>
		<Unit filename="../parser/misc/fileutils.h" />
		<Unit filename="../parser/misc/longstr.c">
			<Option compilerVar="CC" />
		</Unit>
		<Unit filename="../parser/misc/longstr.h" />
		<Unit filename="../parser/misc/mxdefine.h" />
		<Unit filename="../parser/misc/mxfuncs.h" />
		<Unit filename="../parser/misc/mxlogger.h" />
		<Unit filename="../parser/misc/strs.c">
			<Option compilerVar="CC" />
		</Unit>
		<Unit filename="../src/Autocoder.cpp" />
		<Unit filename="../src/Autocoder.h" />
		<Unit filename="../src/BreakPointInfo.cpp" />
		<Unit filename="../src/BreakPointInfo.h" />
		<Unit filename="../src/CodeExporter.cpp" />
		<Unit filename="../src/CodeExporter.h" />
		<Unit filename="../src/CodeHelper.cpp" />
		<Unit filename="../src/CodeHelper.h" />
		<Unit filename="../src/CompilerErrorsManager.cpp" />
		<Unit filename="../src/CompilerErrorsManager.h" />
		<Unit filename="../src/ConfigManager.cpp" />
		<Unit filename="../src/ConfigManager.h" />
		<Unit filename="../src/Cpp11.h" />
		<Unit filename="../src/CustomTools.cpp" />
		<Unit filename="../src/CustomTools.h" />
		<Unit filename="../src/DebugManager.cpp" />
		<Unit filename="../src/DebugManager.h" />
		<Unit filename="../src/DebugPatcher.cpp" />
		<Unit filename="../src/DebugPatcher.h" />
		<Unit filename="../src/EnvVars.cpp" />
		<Unit filename="../src/EnvVars.h" />
		<Unit filename="../src/Flag.h" />
		<Unit filename="../src/GDBAnsBuffer.h" />
		<Unit filename="../src/GprofData.h" />
		<Unit filename="../src/HelpManager.cpp" />
		<Unit filename="../src/HelpManager.h" />
		<Unit filename="../src/IniFile.cpp" />
		<Unit filename="../src/IniFile.h" />
		<Unit filename="../src/Inspection.cpp" />
		<Unit filename="../src/Inspection.h" />
		<Unit filename="../src/JavaVector.h" />
		<Unit filename="../src/Language.cpp" />
		<Unit filename="../src/Language.h" />
		<Unit filename="../src/LocalRefactory.cpp" />
		<Unit filename="../src/LocalRefactory.h" />
		<Unit filename="../src/MenusAndToolsConfig.cpp" />
		<Unit filename="../src/MenusAndToolsConfig.h" />
		<Unit filename="../src/Parser.cpp" />
		<Unit filename="../src/Parser.h" />
		<Unit filename="../src/ProjectManager.cpp" />
		<Unit filename="../src/ProjectManager.h" />
		<Unit filename="../src/ShareManager.cpp" />
		<Unit filename="../src/ShareManager.h" />
		<Unit filename="../src/SimpleTemplates.cpp" />
		<Unit filename="../src/SimpleTemplates.h" />
		<Unit filename="../src/SingleList.h" />
		<Unit filename="../src/SourceExtras.cpp" />
		<Unit filename="../src/SourceExtras.h" />
		<Unit filename="../src/Toolchain.cpp" />
		<Unit filename="../src/Toolchain.h" />
		<Unit filename="../src/ZLog.cpp" />
		<Unit filename="../src/ZLog.h" />
		<Unit filename="../src/ZLogOstream.h" />
		<Unit filename="../src/asserts.h" />
		<Unit filename="../src/compiler_strings.h" />
		<Unit filename="../src/egdata.h" />
		<Unit filename="../src/enums.h" />
		<Unit filename="../src/error_recovery.cpp" />
		<Unit filename="../src/error_recovery.h" />
		<Unit filename="../src/execution_workaround.cpp" />
		<Unit filename="../src/execution_workaround.h" />
		<Unit filename="../src/fix_filename.h" />
		<Unit filename="../src/gdbParser.cpp" />
		<Unit filename="../src/gdbParser.h" />
		<Unit filename="../src/ids.h" />
		<Unit filename="../src/lang_index_macros.h" />
		<Unit filename="../src/mainpage.h" />
		<Unit filename="../src/mxAUI.cpp" />
		<Unit filename="../src/mxAUI.h" />
		<Unit filename="../src/mxAUIContainer.cpp" />
		<Unit filename="../src/mxAUIContainer.h" />
		<Unit filename="../src/mxAboutWindow.cpp" />
		<Unit filename="../src/mxAboutWindow.h" />
		<Unit filename="../src/mxApplication.cpp" />
		<Unit filename="../src/mxApplication.h" />
		<Unit filename="../src/mxArgumentsDialog.cpp" />
		<Unit filename="../src/mxArgumentsDialog.h" />
		<Unit filename="../src/mxArt.cpp" />
		<Unit filename="../src/mxArt.h" />
		<Unit filename="../src/mxBacktraceGrid.cpp" />
		<Unit filename="../src/mxBacktraceGrid.h" />
		<Unit filename="../src/mxBacktraceHistory.cpp" />
		<Unit filename="../src/mxBacktraceHistory.h" />
		<Unit filename="../src/mxBeginnerPanel.cpp" />
		<Unit filename="../src/mxBeginnerPanel.h" />
		<Unit filename="../src/mxBitmapButton.cpp" />
		<Unit filename="../src/mxBitmapButton.h" />
		<Unit filename="../src/mxBreakList.cpp" />
		<Unit filename="../src/mxBreakList.h" />
		<Unit filename="../src/mxBreakOptions.cpp" />
		<Unit filename="../src/mxBreakOptions.h" />
		<Unit filename="../src/mxBySourceCompilingOpts.cpp" />
		<Unit filename="../src/mxBySourceCompilingOpts.h" />
		<Unit filename="../src/mxCalltip.cpp" />
		<Unit filename="../src/mxCalltip.h" />
		<Unit filename="../src/mxColoursEditor.cpp" />
		<Unit filename="../src/mxColoursEditor.h" />
		<Unit filename="../src/mxCommandFinder.cpp" />
		<Unit filename="../src/mxCommandFinder.h" />
		<Unit filename="../src/mxCommonConfigControls.cpp" />
		<Unit filename="../src/mxCommonConfigControls.h" />
		<Unit filename="../src/mxCommonPopup.cpp" />
		<Unit filename="../src/mxCommonPopup.h" />
		<Unit filename="../src/mxCompileConfigWindow.cpp" />
		<Unit filename="../src/mxCompileConfigWindow.h" />
		<Unit filename="../src/mxCompiler.cpp" />
		<Unit filename="../src/mxCompiler.h" />
		<Unit filename="../src/mxCompilerArgEnabler.cpp" />
		<Unit filename="../src/mxCompilerArgEnabler.h" />
		<Unit filename="../src/mxComplementInstallerWindow.cpp" />
		<Unit filename="../src/mxComplementInstallerWindow.h" />
		<Unit filename="../src/mxCppCheckConfigDialog.cpp" />
		<Unit filename="../src/mxCppCheckConfigDialog.h" />
		<Unit filename="../src/mxCustomTools.cpp" />
		<Unit filename="../src/mxCustomTools.h" />
		<Unit filename="../src/mxDiffSideBar.cpp" />
		<Unit filename="../src/mxDiffSideBar.h" />
		<Unit filename="../src/mxDiffWindow.cpp" />
		<Unit filename="../src/mxDiffWindow.h" />
		<Unit filename="../src/mxDoxyDialog.cpp" />
		<Unit filename="../src/mxDoxyDialog.h" />
		<Unit filename="../src/mxDrawClasses.cpp" />
		<Unit filename="../src/mxDrawClasses.h" />
		<Unit filename="../src/mxDropTarget.cpp" />
		<Unit filename="../src/mxDropTarget.h" />
		<Unit filename="../src/mxEnumerationEditor.cpp" />
		<Unit filename="../src/mxEnumerationEditor.h" />
		<Unit filename="../src/mxErrorRecovering.cpp" />
		<Unit filename="../src/mxErrorRecovering.h" />
		<Unit filename="../src/mxExeInfo.cpp" />
		<Unit filename="../src/mxExeInfo.h" />
		<Unit filename="../src/mxExternCompilerOutput.cpp" />
		<Unit filename="../src/mxExternCompilerOutput.h" />
		<Unit filename="../src/mxExtraStepWindow.cpp" />
		<Unit filename="../src/mxExtraStepWindow.h" />
		<Unit filename="../src/mxFilename.cpp" />
		<Unit filename="../src/mxFilename.h" />
		<Unit filename="../src/mxFindDialog.cpp" />
		<Unit filename="../src/mxFindDialog.h" />
		<Unit filename="../src/mxFlowCanvas.cpp" />
		<Unit filename="../src/mxFlowCanvas.h" />
		<Unit filename="../src/mxFlowWindow.cpp" />
		<Unit filename="../src/mxFlowWindow.h" />
		<Unit filename="../src/mxGCovSideBar.cpp" />
		<Unit filename="../src/mxGCovSideBar.h" />
		<Unit filename="../src/mxGdbAsmPanel.cpp" />
		<Unit filename="../src/mxGdbAsmPanel.h" />
		<Unit filename="../src/mxGdbCommandsPanel.cpp" />
		<Unit filename="../src/mxGdbCommandsPanel.h" />
		<Unit filename="../src/mxGenericHelpWindow.cpp" />
		<Unit filename="../src/mxGenericHelpWindow.h" />
		<Unit filename="../src/mxGotoFileDialog.cpp" />
		<Unit filename="../src/mxGotoFileDialog.h" />
		<Unit filename="../src/mxGotoFunctionDialog.cpp" />
		<Unit filename="../src/mxGotoFunctionDialog.h" />
		<Unit filename="../src/mxGotoLineWindow.cpp" />
		<Unit filename="../src/mxGotoLineWindow.h" />
		<Unit filename="../src/mxGotoListDialog.cpp" />
		<Unit filename="../src/mxGotoListDialog.h" />
		<Unit filename="../src/mxGprofOutput.cpp" />
		<Unit filename="../src/mxGprofOutput.h" />
		<Unit filename="../src/mxGrid.cpp" />
		<Unit filename="../src/mxGrid.h" />
		<Unit filename="../src/mxHelpWindow.cpp" />
		<Unit filename="../src/mxHelpWindow.h" />
		<Unit filename="../src/mxHidenPanel.cpp" />
		<Unit filename="../src/mxHidenPanel.h" />
		<Unit filename="../src/mxIconInstaller.cpp" />
		<Unit filename="../src/mxIconInstaller.h" />
		<Unit filename="../src/mxInspectionBaloon.cpp" />
		<Unit filename="../src/mxInspectionBaloon.h" />
		<Unit filename="../src/mxInspectionExplorerDialog.cpp" />
		<Unit filename="../src/mxInspectionExplorerDialog.h" />
		<Unit filename="../src/mxInspectionExplorerWidget.cpp" />
		<Unit filename="../src/mxInspectionExplorerWidget.h" />
		<Unit filename="../src/mxInspectionGrid.cpp" />
		<Unit filename="../src/mxInspectionGrid.h" />
		<Unit filename="../src/mxInspectionGridCellEditor.h" />
		<Unit filename="../src/mxInspectionHistory.cpp" />
		<Unit filename="../src/mxInspectionHistory.h" />
		<Unit filename="../src/mxInspectionMatrix.cpp" />
		<Unit filename="../src/mxInspectionMatrix.h" />
		<Unit filename="../src/mxInspectionPrint.cpp" />
		<Unit filename="../src/mxInspectionPrint.h" />
		<Unit filename="../src/mxInspectionsImprovingEditor.cpp" />
		<Unit filename="../src/mxInspectionsImprovingEditor.h" />
		<Unit filename="../src/mxInspectionsPanel.cpp" />
		<Unit filename="../src/mxInspectionsPanel.h" />
		<Unit filename="../src/mxLibToBuildWindow.cpp" />
		<Unit filename="../src/mxLibToBuildWindow.h" />
		<Unit filename="../src/mxListItemEditor.cpp" />
		<Unit filename="../src/mxListItemEditor.h" />
		<Unit filename="../src/mxListSharedWindow.cpp" />
		<Unit filename="../src/mxListSharedWindow.h" />
		<Unit filename="../src/mxLizardOutput.cpp" />
		<Unit filename="../src/mxLizardOutput.h" />
		<Unit filename="../src/mxLocalsGrid.cpp" />
		<Unit filename="../src/mxLocalsGrid.h" />
		<Unit filename="../src/mxLongTextEditor.cpp" />
		<Unit filename="../src/mxLongTextEditor.h" />
		<Unit filename="../src/mxMainWindow.cpp" />
		<Unit filename="../src/mxMainWindow.h" />
		<Unit filename="../src/mxMainWindowMenues.cpp" />
		<Unit filename="../src/mxMainWindowTools.cpp" />
		<Unit filename="../src/mxMakefileDialog.cpp" />
		<Unit filename="../src/mxMakefileDialog.h" />
		<Unit filename="../src/mxMessageDialog.cpp" />
		<Unit filename="../src/mxMessageDialog.h" />
		<Unit filename="../src/mxMiniMapPanel.cpp" />
		<Unit filename="../src/mxMiniMapPanel.h" />
		<Unit filename="../src/mxMiniSource.cpp" />
		<Unit filename="../src/mxMiniSource.h" />
		<Unit filename="../src/mxMultipleChoiceEditor.cpp" />
		<Unit filename="../src/mxMultipleChoiceEditor.h" />
		<Unit filename="../src/mxMultipleFileChooser.cpp" />
		<Unit filename="../src/mxMultipleFileChooser.h" />
		<Unit filename="../src/mxNewWizard.cpp" />
		<Unit filename="../src/mxNewWizard.h" />
		<Unit filename="../src/mxOSD.cpp" />
		<Unit filename="../src/mxOSD.h" />
		<Unit filename="../src/mxOpenRecentDialog.cpp" />
		<Unit filename="../src/mxOpenRecentDialog.h" />
		<Unit filename="../src/mxOpenSharedWindow.cpp" />
		<Unit filename="../src/mxOpenSharedWindow.h" />
		<Unit filename="../src/mxOutputView.cpp" />
		<Unit filename="../src/mxOutputView.h" />
		<Unit filename="../src/mxPlainResultsTable.cpp" />
		<Unit filename="../src/mxPlainResultsTable.h" />
		<Unit filename="../src/mxPreferenceWindow.cpp" />
		<Unit filename="../src/mxPreferenceWindow.h" />
		<Unit filename="../src/mxPrintOut.cpp" />
		<Unit filename="../src/mxPrintOut.h" />
		<Unit filename="../src/mxProjectConfigWindow.cpp" />
		<Unit filename="../src/mxProjectConfigWindow.h" />
		<Unit filename="../src/mxProjectGeneralConfig.cpp" />
		<Unit filename="../src/mxProjectGeneralConfig.h" />
		<Unit filename="../src/mxProjectStatistics.cpp" />
		<Unit filename="../src/mxProjectStatistics.h" />
		<Unit filename="../src/mxRealTimeInspectionEditor.cpp" />
		<Unit filename="../src/mxRealTimeInspectionEditor.h" />
		<Unit filename="../src/mxReferenceWindow.cpp" />
		<Unit filename="../src/mxReferenceWindow.h" />
		<Unit filename="../src/mxRegistersGrid.cpp" />
		<Unit filename="../src/mxRegistersGrid.h" />
		<Unit filename="../src/mxShareSourceWindow.cpp" />
		<Unit filename="../src/mxShareSourceWindow.h" />
		<Unit filename="../src/mxShortcutsDialog.cpp" />
		<Unit filename="../src/mxShortcutsDialog.h" />
		<Unit filename="../src/mxSignalsSettings.cpp" />
		<Unit filename="../src/mxSignalsSettings.h" />
		<Unit filename="../src/mxSingleton.cpp" />
		<Unit filename="../src/mxSingleton.h" />
		<Unit filename="../src/mxSizers.cpp" />
		<Unit filename="../src/mxSizers.h" />
		<Unit filename="../src/mxSource.cpp" />
		<Unit filename="../src/mxSource.h" />
		<Unit filename="../src/mxSourceBase.cpp" />
		<Unit filename="../src/mxSourceBase.h" />
		<Unit filename="../src/mxSourceParsingAux.h" />
		<Unit filename="../src/mxSourceProperties.cpp" />
		<Unit filename="../src/mxSourceProperties.h" />
		<Unit filename="../src/mxSplashScreen.cpp" />
		<Unit filename="../src/mxSplashScreen.h" />
		<Unit filename="../src/mxStatusBar.cpp" />
		<Unit filename="../src/mxStatusBar.h" />
		<Unit filename="../src/mxStyledOutput.cpp" />
		<Unit filename="../src/mxStyledOutput.h" />
		<Unit filename="../src/mxTextDialog.cpp" />
		<Unit filename="../src/mxTextDialog.h" />
		<Unit filename="../src/mxThreadGrid.cpp" />
		<Unit filename="../src/mxThreadGrid.h" />
		<Unit filename="../src/mxThreeDotsUtils.cpp" />
		<Unit filename="../src/mxThreeDotsUtils.h" />
		<Unit filename="../src/mxTipsWindow.cpp" />
		<Unit filename="../src/mxTipsWindow.h" />
		<Unit filename="../src/mxToolbarEditor.cpp" />
		<Unit filename="../src/mxToolbarEditor.h" />
		<Unit filename="../src/mxToolchainConfig.cpp" />
		<Unit filename="../src/mxToolchainConfig.h" />
		<Unit filename="../src/mxToolchainOptions.cpp" />
		<Unit filename="../src/mxToolchainOptions.h" />
		<Unit filename="../src/mxTreeCtrl.cpp" />
		<Unit filename="../src/mxTreeCtrl.h" />
		<Unit filename="../src/mxUpdatesChecker.cpp" />
		<Unit filename="../src/mxUpdatesChecker.h" />
		<Unit filename="../src/mxUtils.cpp" />
		<Unit filename="../src/mxUtils.h" />
		<Unit filename="../src/mxValgrindConfigDialog.cpp" />
		<Unit filename="../src/mxValgrindConfigDialog.h" />
		<Unit filename="../src/mxValgrindOuput.cpp" />
		<Unit filename="../src/mxValgrindOuput.h" />
		<Unit filename="../src/mxWelcomePanel.cpp" />
		<Unit filename="../src/mxWelcomePanel.h" />
		<Unit filename="../src/mxWxfbConfigDialog.cpp" />
		<Unit filename="../src/mxWxfbConfigDialog.h" />
		<Unit filename="../src/mxWxfbInheriter.cpp" />
		<Unit filename="../src/mxWxfbInheriter.h" />
		<Unit filename="../src/osdep.h" />
		<Unit filename="../src/osdep_lin.cpp" />
		<Unit filename="../src/osdep_mac.cpp" />
		<Unit filename="../src/osdep_win.cpp" />
		<Unit filename="../src/paf_defs.h" />
		<Unit filename="../src/parserData.h" />
		<Unit filename="../src/raii.h" />
		<Unit filename="../src/version.h" />
		<Unit filename="../src/widgetDisabler.cpp" />
		<Unit filename="../src/widgetDisabler.h" />
		<Unit filename="../src_extras/cbrowser_hash.cpp" />
		<Unit filename="../src_extras/img_viewer/Application.cpp" />
		<Unit filename="../src_extras/img_viewer/Application.h" />
		<Unit filename="../src_extras/img_viewer/VentanaPrincipal.cpp" />
		<Unit filename="../src_extras/img_viewer/VentanaPrincipal.h" />
		<Unit filename="../src_extras/itlib.cpp" />
		<Unit filename="../src_extras/itlib.h" />
		<Unit filename="../src_extras/launcher.cpp" />
		<Unit filename="../src_extras/log-w32.cpp" />
		<Unit filename="../src_extras/lsdeps.cpp" />
		<Unit filename="../src_extras/mac-terminal-wrapper.cpp" />
		<Unit filename="../src_extras/peliberr.cpp" />
		<Unit filename="../src_extras/peliberr.h" />
		<Unit filename="../src_extras/runner.cpp" />
		<Unit filename="../src_extras/shellexecute.cpp" />
		<Unit filename="../src_extras/stdafx.h" />
		<Unit filename="../src_extras/updatem.cpp" />
		<Unit filename="../src_extras/zockets.cpp" />
		<Unit filename="../src_extras/zockets.h" />
		<Extensions>
			<code_completion />
			<envvars />
		</Extensions>
	</Project>
</CodeBlocks_project_file>
